
Microsoft Visual Studio Solution File, Format Version 12.00
# Visual Studio Version 16
VisualStudioVersion = 16.0.29613.14
MinimumVisualStudioVersion = 10.0.40219.1
Project("{FAE04EC0-301F-11D3-BF4B-00C04F79EFBC}") = "CrudEx", "CrudEx.csproj", "{1A28EE0D-DB59-421C-AF32-CB794E837750}"
EndProject
Global
	GlobalSection(SolutionConfigurationPlatforms) = preSolution
		Debug|Any CPU = Debug|Any CPU
		Release|Any CPU = Release|Any CPU
	EndGlobalSection
	GlobalSection(ProjectConfigurationPlatforms) = postSolution
		{1A28EE0D-DB59-421C-AF32-CB794E837750}.Debug|Any CPU.ActiveCfg = Debug|Any CPU
		{1A28EE0D-DB59-421C-AF32-CB794E837750}.Debug|Any CPU.Build.0 = Debug|Any CPU
		{1A28EE0D-DB59-421C-AF32-CB794E837750}.Release|Any CPU.ActiveCfg = Release|Any CPU
		{1A28EE0D-DB59-421C-AF32-CB794E837750}.Release|Any CPU.Build.0 = Release|Any CPU
	EndGlobalSection
	GlobalSection(SolutionProperties) = preSolution
		HideSolutionNode = FALSE
	EndGlobalSection
	GlobalSection(ExtensibilityGlobals) = postSolution
		SolutionGuid = {CB1A5ADF-AFCE-4B77-9E00-A1FDE967713A}
	EndGlobalSection
EndGlobal
