
Microsoft Visual Studio Solution File, Format Version 12.00
# Visual Studio Version 16
VisualStudioVersion = 16.0.29613.14
MinimumVisualStudioVersion = 10.0.40219.1
Project("{FAE04EC0-301F-11D3-BF4B-00C04F79EFBC}") = "EmployeeMvcValidation", "EmployeeMvcValidation.csproj", "{EDE4FDA9-3ACC-4FC1-B234-143423F050FB}"
EndProject
Global
	GlobalSection(SolutionConfigurationPlatforms) = preSolution
		Debug|Any CPU = Debug|Any CPU
		Release|Any CPU = Release|Any CPU
	EndGlobalSection
	GlobalSection(ProjectConfigurationPlatforms) = postSolution
		{EDE4FDA9-3ACC-4FC1-B234-143423F050FB}.Debug|Any CPU.ActiveCfg = Debug|Any CPU
		{EDE4FDA9-3ACC-4FC1-B234-143423F050FB}.Debug|Any CPU.Build.0 = Debug|Any CPU
		{EDE4FDA9-3ACC-4FC1-B234-143423F050FB}.Release|Any CPU.ActiveCfg = Release|Any CPU
		{EDE4FDA9-3ACC-4FC1-B234-143423F050FB}.Release|Any CPU.Build.0 = Release|Any CPU
	EndGlobalSection
	GlobalSection(SolutionProperties) = preSolution
		HideSolutionNode = FALSE
	EndGlobalSection
	GlobalSection(ExtensibilityGlobals) = postSolution
		SolutionGuid = {24D4D240-7867-4D89-A161-127E43ED4DA2}
	EndGlobalSection
EndGlobal
