
Microsoft Visual Studio Solution File, Format Version 12.00
# Visual Studio Version 16
VisualStudioVersion = 16.0.29613.14
MinimumVisualStudioVersion = 10.0.40219.1
Project("{FAE04EC0-301F-11D3-BF4B-00C04F79EFBC}") = "WebApplication2", "WebApplication2.csproj", "{8424152D-C366-46B6-97C4-B873D4025488}"
EndProject
Global
	GlobalSection(SolutionConfigurationPlatforms) = preSolution
		Debug|Any CPU = Debug|Any CPU
		Release|Any CPU = Release|Any CPU
	EndGlobalSection
	GlobalSection(ProjectConfigurationPlatforms) = postSolution
		{8424152D-C366-46B6-97C4-B873D4025488}.Debug|Any CPU.ActiveCfg = Debug|Any CPU
		{8424152D-C366-46B6-97C4-B873D4025488}.Debug|Any CPU.Build.0 = Debug|Any CPU
		{8424152D-C366-46B6-97C4-B873D4025488}.Release|Any CPU.ActiveCfg = Release|Any CPU
		{8424152D-C366-46B6-97C4-B873D4025488}.Release|Any CPU.Build.0 = Release|Any CPU
	EndGlobalSection
	GlobalSection(SolutionProperties) = preSolution
		HideSolutionNode = FALSE
	EndGlobalSection
	GlobalSection(ExtensibilityGlobals) = postSolution
		SolutionGuid = {E8D7ECD9-87E4-4D8C-9325-57408D6A5F81}
	EndGlobalSection
EndGlobal
